
Microsoft Visual Studio Solution File, Format Version 12.00
# Visual Studio Version 17
VisualStudioVersion = 17.0.31903.59
MinimumVisualStudioVersion = 10.0.40219.1
Project("{FAE04EC0-301F-11D3-BF4B-00C04F79EFBC}") = "util", "util\util.csproj", "{B6C27BD8-944F-4772-BDA4-208F9B68A36D}"
EndProject
Project("{FAE04EC0-301F-11D3-BF4B-00C04F79EFBC}") = "server", "server\server.csproj", "{C48A592E-0780-42E1-ADB2-680AF4A97A56}"
EndProject
Project("{FAE04EC0-301F-11D3-BF4B-00C04F79EFBC}") = "thumbs", "thumbs\thumbs.csproj", "{1F092E79-B474-450F-A921-DD3117577771}"
EndProject
Project("{FAE04EC0-301F-11D3-BF4B-00C04F79EFBC}") = "fsserver", "fsserver\fsserver.csproj", "{51811D90-A2FD-4E51-89E6-1FAF3BA8C7AB}"
EndProject
Project("{FAE04EC0-301F-11D3-BF4B-00C04F79EFBC}") = "sdlna", "sdlna\sdlna.csproj", "{9C188D6B-5F0B-43A4-9A5B-307CCD73FB0F}"
EndProject
Project("{FAE04EC0-301F-11D3-BF4B-00C04F79EFBC}") = "SimpleDLNA", "SimpleDLNA\SimpleDLNA.csproj", "{04572B26-5F25-43AE-A395-77DEBB942376}"
EndProject
Project("{FAE04EC0-301F-11D3-BF4B-00C04F79EFBC}") = "admin", "admin\admin.csproj", "{F99EEAF9-C43A-42B3-AF31-FAA7A32A7F21}"
EndProject
Global
	GlobalSection(SolutionConfigurationPlatforms) = preSolution
		Debug|Any CPU = Debug|Any CPU
		Debug|x64 = Debug|x64
		Debug|x86 = Debug|x86
		Release|Any CPU = Release|Any CPU
		Release|x64 = Release|x64
		Release|x86 = Release|x86
	EndGlobalSection
	GlobalSection(ProjectConfigurationPlatforms) = postSolution
		{B6C27BD8-944F-4772-BDA4-208F9B68A36D}.Debug|Any CPU.ActiveCfg = Debug|Any CPU
		{B6C27BD8-944F-4772-BDA4-208F9B68A36D}.Debug|Any CPU.Build.0 = Debug|Any CPU
		{B6C27BD8-944F-4772-BDA4-208F9B68A36D}.Debug|x64.ActiveCfg = Debug|Any CPU
		{B6C27BD8-944F-4772-BDA4-208F9B68A36D}.Debug|x64.Build.0 = Debug|Any CPU
		{B6C27BD8-944F-4772-BDA4-208F9B68A36D}.Debug|x86.ActiveCfg = Debug|Any CPU
		{B6C27BD8-944F-4772-BDA4-208F9B68A36D}.Debug|x86.Build.0 = Debug|Any CPU
		{B6C27BD8-944F-4772-BDA4-208F9B68A36D}.Release|Any CPU.ActiveCfg = Release|Any CPU
		{B6C27BD8-944F-4772-BDA4-208F9B68A36D}.Release|Any CPU.Build.0 = Release|Any CPU
		{B6C27BD8-944F-4772-BDA4-208F9B68A36D}.Release|x64.ActiveCfg = Release|Any CPU
		{B6C27BD8-944F-4772-BDA4-208F9B68A36D}.Release|x64.Build.0 = Release|Any CPU
		{B6C27BD8-944F-4772-BDA4-208F9B68A36D}.Release|x86.ActiveCfg = Release|Any CPU
		{B6C27BD8-944F-4772-BDA4-208F9B68A36D}.Release|x86.Build.0 = Release|Any CPU
		{C48A592E-0780-42E1-ADB2-680AF4A97A56}.Debug|Any CPU.ActiveCfg = Debug|Any CPU
		{C48A592E-0780-42E1-ADB2-680AF4A97A56}.Debug|Any CPU.Build.0 = Debug|Any CPU
		{C48A592E-0780-42E1-ADB2-680AF4A97A56}.Debug|x64.ActiveCfg = Debug|Any CPU
		{C48A592E-0780-42E1-ADB2-680AF4A97A56}.Debug|x64.Build.0 = Debug|Any CPU
		{C48A592E-0780-42E1-ADB2-680AF4A97A56}.Debug|x86.ActiveCfg = Debug|Any CPU
		{C48A592E-0780-42E1-ADB2-680AF4A97A56}.Debug|x86.Build.0 = Debug|Any CPU
		{C48A592E-0780-42E1-ADB2-680AF4A97A56}.Release|Any CPU.ActiveCfg = Release|Any CPU
		{C48A592E-0780-42E1-ADB2-680AF4A97A56}.Release|Any CPU.Build.0 = Release|Any CPU
		{C48A592E-0780-42E1-ADB2-680AF4A97A56}.Release|x64.ActiveCfg = Release|Any CPU
		{C48A592E-0780-42E1-ADB2-680AF4A97A56}.Release|x64.Build.0 = Release|Any CPU
		{C48A592E-0780-42E1-ADB2-680AF4A97A56}.Release|x86.ActiveCfg = Release|Any CPU
		{C48A592E-0780-42E1-ADB2-680AF4A97A56}.Release|x86.Build.0 = Release|Any CPU
		{1F092E79-B474-450F-A921-DD3117577771}.Debug|Any CPU.ActiveCfg = Debug|Any CPU
		{1F092E79-B474-450F-A921-DD3117577771}.Debug|Any CPU.Build.0 = Debug|Any CPU
		{1F092E79-B474-450F-A921-DD3117577771}.Debug|x64.ActiveCfg = Debug|Any CPU
		{1F092E79-B474-450F-A921-DD3117577771}.Debug|x64.Build.0 = Debug|Any CPU
		{1F092E79-B474-450F-A921-DD3117577771}.Debug|x86.ActiveCfg = Debug|Any CPU
		{1F092E79-B474-450F-A921-DD3117577771}.Debug|x86.Build.0 = Debug|Any CPU
		{1F092E79-B474-450F-A921-DD3117577771}.Release|Any CPU.ActiveCfg = Release|Any CPU
		{1F092E79-B474-450F-A921-DD3117577771}.Release|Any CPU.Build.0 = Release|Any CPU
		{1F092E79-B474-450F-A921-DD3117577771}.Release|x64.ActiveCfg = Release|Any CPU
		{1F092E79-B474-450F-A921-DD3117577771}.Release|x64.Build.0 = Release|Any CPU
		{1F092E79-B474-450F-A921-DD3117577771}.Release|x86.ActiveCfg = Release|Any CPU
		{1F092E79-B474-450F-A921-DD3117577771}.Release|x86.Build.0 = Release|Any CPU
		{51811D90-A2FD-4E51-89E6-1FAF3BA8C7AB}.Debug|Any CPU.ActiveCfg = Debug|Any CPU
		{51811D90-A2FD-4E51-89E6-1FAF3BA8C7AB}.Debug|Any CPU.Build.0 = Debug|Any CPU
		{51811D90-A2FD-4E51-89E6-1FAF3BA8C7AB}.Debug|x64.ActiveCfg = Debug|Any CPU
		{51811D90-A2FD-4E51-89E6-1FAF3BA8C7AB}.Debug|x64.Build.0 = Debug|Any CPU
		{51811D90-A2FD-4E51-89E6-1FAF3BA8C7AB}.Debug|x86.ActiveCfg = Debug|Any CPU
		{51811D90-A2FD-4E51-89E6-1FAF3BA8C7AB}.Debug|x86.Build.0 = Debug|Any CPU
		{51811D90-A2FD-4E51-89E6-1FAF3BA8C7AB}.Release|Any CPU.ActiveCfg = Release|Any CPU
		{51811D90-A2FD-4E51-89E6-1FAF3BA8C7AB}.Release|Any CPU.Build.0 = Release|Any CPU
		{51811D90-A2FD-4E51-89E6-1FAF3BA8C7AB}.Release|x64.ActiveCfg = Release|Any CPU
		{51811D90-A2FD-4E51-89E6-1FAF3BA8C7AB}.Release|x64.Build.0 = Release|Any CPU
		{51811D90-A2FD-4E51-89E6-1FAF3BA8C7AB}.Release|x86.ActiveCfg = Release|Any CPU
		{51811D90-A2FD-4E51-89E6-1FAF3BA8C7AB}.Release|x86.Build.0 = Release|Any CPU
		{9C188D6B-5F0B-43A4-9A5B-307CCD73FB0F}.Debug|Any CPU.ActiveCfg = Debug|Any CPU
		{9C188D6B-5F0B-43A4-9A5B-307CCD73FB0F}.Debug|Any CPU.Build.0 = Debug|Any CPU
		{9C188D6B-5F0B-43A4-9A5B-307CCD73FB0F}.Debug|x64.ActiveCfg = Debug|Any CPU
		{9C188D6B-5F0B-43A4-9A5B-307CCD73FB0F}.Debug|x64.Build.0 = Debug|Any CPU
		{9C188D6B-5F0B-43A4-9A5B-307CCD73FB0F}.Debug|x86.ActiveCfg = Debug|Any CPU
		{9C188D6B-5F0B-43A4-9A5B-307CCD73FB0F}.Debug|x86.Build.0 = Debug|Any CPU
		{9C188D6B-5F0B-43A4-9A5B-307CCD73FB0F}.Release|Any CPU.ActiveCfg = Release|Any CPU
		{9C188D6B-5F0B-43A4-9A5B-307CCD73FB0F}.Release|Any CPU.Build.0 = Release|Any CPU
		{9C188D6B-5F0B-43A4-9A5B-307CCD73FB0F}.Release|x64.ActiveCfg = Release|Any CPU
		{9C188D6B-5F0B-43A4-9A5B-307CCD73FB0F}.Release|x64.Build.0 = Release|Any CPU
		{9C188D6B-5F0B-43A4-9A5B-307CCD73FB0F}.Release|x86.ActiveCfg = Release|Any CPU
		{9C188D6B-5F0B-43A4-9A5B-307CCD73FB0F}.Release|x86.Build.0 = Release|Any CPU
		{04572B26-5F25-43AE-A395-77DEBB942376}.Debug|Any CPU.ActiveCfg = Debug|Any CPU
		{04572B26-5F25-43AE-A395-77DEBB942376}.Debug|Any CPU.Build.0 = Debug|Any CPU
		{04572B26-5F25-43AE-A395-77DEBB942376}.Debug|x64.ActiveCfg = Debug|Any CPU
		{04572B26-5F25-43AE-A395-77DEBB942376}.Debug|x64.Build.0 = Debug|Any CPU
		{04572B26-5F25-43AE-A395-77DEBB942376}.Debug|x86.ActiveCfg = Debug|Any CPU
		{04572B26-5F25-43AE-A395-77DEBB942376}.Debug|x86.Build.0 = Debug|Any CPU
		{04572B26-5F25-43AE-A395-77DEBB942376}.Release|Any CPU.ActiveCfg = Release|Any CPU
		{04572B26-5F25-43AE-A395-77DEBB942376}.Release|Any CPU.Build.0 = Release|Any CPU
		{04572B26-5F25-43AE-A395-77DEBB942376}.Release|x64.ActiveCfg = Release|Any CPU
		{04572B26-5F25-43AE-A395-77DEBB942376}.Release|x64.Build.0 = Release|Any CPU
		{04572B26-5F25-43AE-A395-77DEBB942376}.Release|x86.ActiveCfg = Release|Any CPU
		{04572B26-5F25-43AE-A395-77DEBB942376}.Release|x86.Build.0 = Release|Any CPU
		{F99EEAF9-C43A-42B3-AF31-FAA7A32A7F21}.Debug|Any CPU.ActiveCfg = Debug|Any CPU
		{F99EEAF9-C43A-42B3-AF31-FAA7A32A7F21}.Debug|Any CPU.Build.0 = Debug|Any CPU
		{F99EEAF9-C43A-42B3-AF31-FAA7A32A7F21}.Debug|x64.ActiveCfg = Debug|Any CPU
		{F99EEAF9-C43A-42B3-AF31-FAA7A32A7F21}.Debug|x64.Build.0 = Debug|Any CPU
		{F99EEAF9-C43A-42B3-AF31-FAA7A32A7F21}.Debug|x86.ActiveCfg = Debug|Any CPU
		{F99EEAF9-C43A-42B3-AF31-FAA7A32A7F21}.Debug|x86.Build.0 = Debug|Any CPU
		{F99EEAF9-C43A-42B3-AF31-FAA7A32A7F21}.Release|Any CPU.ActiveCfg = Release|Any CPU
		{F99EEAF9-C43A-42B3-AF31-FAA7A32A7F21}.Release|Any CPU.Build.0 = Release|Any CPU
		{F99EEAF9-C43A-42B3-AF31-FAA7A32A7F21}.Release|x64.ActiveCfg = Release|Any CPU
		{F99EEAF9-C43A-42B3-AF31-FAA7A32A7F21}.Release|x64.Build.0 = Release|Any CPU
		{F99EEAF9-C43A-42B3-AF31-FAA7A32A7F21}.Release|x86.ActiveCfg = Release|Any CPU
		{F99EEAF9-C43A-42B3-AF31-FAA7A32A7F21}.Release|x86.Build.0 = Release|Any CPU
	EndGlobalSection
	GlobalSection(SolutionProperties) = preSolution
		HideSolutionNode = FALSE
	EndGlobalSection
EndGlobal
